// !$*UTF8*$!
{
	archiveVersion = 1;
	classes = {
	};
	objectVersion = 46;
	objects = {

/* Begin PBXBuildFile section */
		75D2872F1F1B4D1C001796D3 /* AppDelegate.swift in Sources */ = {isa = PBXBuildFile; fileRef = 75D2872E1F1B4D1C001796D3 /* AppDelegate.swift */; };
		75D287311F1B4D1C001796D3 /* MainVC.swift in Sources */ = {isa = PBXBuildFile; fileRef = 75D287301F1B4D1C001796D3 /* MainVC.swift */; };
		75D287341F1B4D1C001796D3 /* Main.storyboard in Resources */ = {isa = PBXBuildFile; fileRef = 75D287321F1B4D1C001796D3 /* Main.storyboard */; };
		75D287361F1B4D1C001796D3 /* Assets.xcassets in Resources */ = {isa = PBXBuildFile; fileRef = 75D287351F1B4D1C001796D3 /* Assets.xcassets */; };
		75D287391F1B4D1C001796D3 /* LaunchScreen.storyboard in Resources */ = {isa = PBXBuildFile; fileRef = 75D287371F1B4D1C001796D3 /* LaunchScreen.storyboard */; };
		75D287441F1B54E7001796D3 /* still time.ttf in Resources */ = {isa = PBXBuildFile; fileRef = 75D287431F1B54E7001796D3 /* still time.ttf */; };
		75D287471F1B56B4001796D3 /* VideoVC.swift in Sources */ = {isa = PBXBuildFile; fileRef = 75D287461F1B56B4001796D3 /* VideoVC.swift */; };
		75D287491F1B5DAE001796D3 /* PartyCell.swift in Sources */ = {isa = PBXBuildFile; fileRef = 75D287481F1B5DAE001796D3 /* PartyCell.swift */; };
		75D2874B1F1B607F001796D3 /* PartyRock.swift in Sources */ = {isa = PBXBuildFile; fileRef = 75D2874A1F1B607F001796D3 /* PartyRock.swift */; };
/* End PBXBuildFile section */

/* Begin PBXFileReference section */
		75D2872B1F1B4D1C001796D3 /* PartyRockApp.app */ = {isa = PBXFileReference; explicitFileType = wrapper.application; includeInIndex = 0; path = PartyRockApp.app; sourceTree = BUILT_PRODUCTS_DIR; };
		75D2872E1F1B4D1C001796D3 /* AppDelegate.swift */ = {isa = PBXFileReference; lastKnownFileType = sourcecode.swift; path = AppDelegate.swift; sourceTree = "<group>"; };
		75D287301F1B4D1C001796D3 /* MainVC.swift */ = {isa = PBXFileReference; lastKnownFileType = sourcecode.swift; path = MainVC.swift; sourceTree = "<group>"; };
		75D287331F1B4D1C001796D3 /* Base */ = {isa = PBXFileReference; lastKnownFileType = file.storyboard; name = Base; path = Base.lproj/Main.storyboard; sourceTree = "<group>"; };
		75D287351F1B4D1C001796D3 /* Assets.xcassets */ = {isa = PBXFileReference; lastKnownFileType = folder.assetcatalog; path = Assets.xcassets; sourceTree = "<group>"; };
		75D287381F1B4D1C001796D3 /* Base */ = {isa = PBXFileReference; lastKnownFileType = file.storyboard; name = Base; path = Base.lproj/LaunchScreen.storyboard; sourceTree = "<group>"; };
		75D2873A1F1B4D1C001796D3 /* Info.plist */ = {isa = PBXFileReference; lastKnownFileType = text.plist.xml; path = Info.plist; sourceTree = "<group>"; };
		75D287431F1B54E7001796D3 /* still time.ttf */ = {isa = PBXFileReference; lastKnownFileType = file; path = "still time.ttf"; sourceTree = "<group>"; };
		75D287461F1B56B4001796D3 /* VideoVC.swift */ = {isa = PBXFileReference; fileEncoding = 4; lastKnownFileType = sourcecode.swift; path = VideoVC.swift; sourceTree = "<group>"; };
		75D287481F1B5DAE001796D3 /* PartyCell.swift */ = {isa = PBXFileReference; fileEncoding = 4; lastKnownFileType = sourcecode.swift; path = PartyCell.swift; sourceTree = "<group>"; };
		75D2874A1F1B607F001796D3 /* PartyRock.swift */ = {isa = PBXFileReference; fileEncoding = 4; lastKnownFileType = sourcecode.swift; path = PartyRock.swift; sourceTree = "<group>"; };
/* End PBXFileReference section */

/* Begin PBXFrameworksBuildPhase section */
		75D287281F1B4D1C001796D3 /* Frameworks */ = {
			isa = PBXFrameworksBuildPhase;
			buildActionMask = 2147483647;
			files = (
			);
			runOnlyForDeploymentPostprocessing = 0;
		};
/* End PBXFrameworksBuildPhase section */

/* Begin PBXGroup section */
		75D287221F1B4D1C001796D3 = {
			isa = PBXGroup;
			children = (
				75D2872D1F1B4D1C001796D3 /* PartyRockApp */,
				75D2872C1F1B4D1C001796D3 /* Products */,
			);
			sourceTree = "<group>";
		};
		75D2872C1F1B4D1C001796D3 /* Products */ = {
			isa = PBXGroup;
			children = (
				75D2872B1F1B4D1C001796D3 /* PartyRockApp.app */,
			);
			name = Products;
			sourceTree = "<group>";
		};
		75D2872D1F1B4D1C001796D3 /* PartyRockApp */ = {
			isa = PBXGroup;
			children = (
				75D287451F1B54FA001796D3 /* Files */,
				75D287421F1B4DB1001796D3 /* View */,
				75D287411F1B4DAB001796D3 /* Model */,
				75D287401F1B4DA1001796D3 /* Controller */,
				75D2872E1F1B4D1C001796D3 /* AppDelegate.swift */,
				75D287371F1B4D1C001796D3 /* LaunchScreen.storyboard */,
				75D287321F1B4D1C001796D3 /* Main.storyboard */,
				75D287351F1B4D1C001796D3 /* Assets.xcassets */,
				75D2873A1F1B4D1C001796D3 /* Info.plist */,
			);
			path = PartyRockApp;
			sourceTree = "<group>";
		};
		75D287401F1B4DA1001796D3 /* Controller */ = {
			isa = PBXGroup;
			children = (
				75D287301F1B4D1C001796D3 /* MainVC.swift */,
				75D287461F1B56B4001796D3 /* VideoVC.swift */,
			);
			name = Controller;
			sourceTree = "<group>";
		};
		75D287411F1B4DAB001796D3 /* Model */ = {
			isa = PBXGroup;
			children = (
				75D2874A1F1B607F001796D3 /* PartyRock.swift */,
			);
			name = Model;
			sourceTree = "<group>";
		};
		75D287421F1B4DB1001796D3 /* View */ = {
			isa = PBXGroup;
			children = (
				75D287481F1B5DAE001796D3 /* PartyCell.swift */,
			);
			name = View;
			sourceTree = "<group>";
		};
		75D287451F1B54FA001796D3 /* Files */ = {
			isa = PBXGroup;
			children = (
				75D287431F1B54E7001796D3 /* still time.ttf */,
			);
			name = Files;
			sourceTree = "<group>";
		};
/* End PBXGroup section */

/* Begin PBXNativeTarget section */
		75D2872A1F1B4D1C001796D3 /* PartyRockApp */ = {
			isa = PBXNativeTarget;
			buildConfigurationList = 75D2873D1F1B4D1C001796D3 /* Build configuration list for PBXNativeTarget "PartyRockApp" */;
			buildPhases = (
				75D287271F1B4D1C001796D3 /* Sources */,
				75D287281F1B4D1C001796D3 /* Frameworks */,
				75D287291F1B4D1C001796D3 /* Resources */,
			);
			buildRules = (
			);
			dependencies = (
			);
			name = PartyRockApp;
			productName = PartyRockApp;
			productReference = 75D2872B1F1B4D1C001796D3 /* PartyRockApp.app */;
			productType = "com.apple.product-type.application";
		};
/* End PBXNativeTarget section */

/* Begin PBXProject section */
		75D287231F1B4D1C001796D3 /* Project object */ = {
			isa = PBXProject;
			attributes = {
				LastSwiftUpdateCheck = 0830;
				LastUpgradeCheck = 0830;
				ORGANIZATIONNAME = "Settar Hummetli";
				TargetAttributes = {
					75D2872A1F1B4D1C001796D3 = {
						CreatedOnToolsVersion = 8.3.3;
						DevelopmentTeam = AJ4LU8WZ2B;
						ProvisioningStyle = Automatic;
					};
				};
			};
			buildConfigurationList = 75D287261F1B4D1C001796D3 /* Build configuration list for PBXProject "PartyRockApp" */;
			compatibilityVersion = "Xcode 3.2";
			developmentRegion = English;
			hasScannedForEncodings = 0;
			knownRegions = (
				en,
				Base,
			);
			mainGroup = 75D287221F1B4D1C001796D3;
			productRefGroup = 75D2872C1F1B4D1C001796D3 /* Products */;
			projectDirPath = "";
			projectRoot = "";
			targets = (
				75D2872A1F1B4D1C001796D3 /* PartyRockApp */,
			);
		};
/* End PBXProject section */

/* Begin PBXResourcesBuildPhase section */
		75D287291F1B4D1C001796D3 /* Resources */ = {
			isa = PBXResourcesBuildPhase;
			buildActionMask = 2147483647;
			files = (
				75D287391F1B4D1C001796D3 /* LaunchScreen.storyboard in Resources */,
				75D287441F1B54E7001796D3 /* still time.ttf in Resources */,
				75D287361F1B4D1C001796D3 /* Assets.xcassets in Resources */,
				75D287341F1B4D1C001796D3 /* Main.storyboard in Resources */,
			);
			runOnlyForDeploymentPostprocessing = 0;
		};
/* End PBXResourcesBuildPhase section */

/* Begin PBXSourcesBuildPhase section */
		75D287271F1B4D1C001796D3 /* Sources */ = {
			isa = PBXSourcesBuildPhase;
			buildActionMask = 2147483647;
			files = (
				75D287471F1B56B4001796D3 /* VideoVC.swift in Sources */,
				75D287311F1B4D1C001796D3 /* MainVC.swift in Sources */,
				75D2874B1F1B607F001796D3 /* PartyRock.swift in Sources */,
				75D287491F1B5DAE001796D3 /* PartyCell.swift in Sources */,
				75D2872F1F1B4D1C001796D3 /* AppDelegate.swift in Sources */,
			);
			runOnlyForDeploymentPostprocessing = 0;
		};
/* End PBXSourcesBuildPhase section */

/* Begin PBXVariantGroup section */
		75D287321F1B4D1C001796D3 /* Main.storyboard */ = {
			isa = PBXVariantGroup;
			children = (
				75D287331F1B4D1C001796D3 /* Base */,
			);
			name = Main.storyboard;
			sourceTree = "<group>";
		};
		75D287371F1B4D1C001796D3 /* LaunchScreen.storyboard */ = {
			isa = PBXVariantGroup;
			children = (
				75D287381F1B4D1C001796D3 /* Base */,
			);
			name = LaunchScreen.storyboard;
			sourceTree = "<group>";
		};
/* End PBXVariantGroup section */

/* Begin XCBuildConfiguration section */
		75D2873B1F1B4D1C001796D3 /* Debug */ = {
			isa = XCBuildConfiguration;
			buildSettings = {
				ALWAYS_SEARCH_USER_PATHS = NO;
				CLANG_ANALYZER_NONNULL = YES;
				CLANG_ANALYZER_NUMBER_OBJECT_CONVERSION = YES_AGGRESSIVE;
				CLANG_CXX_LANGUAGE_STANDARD = "gnu++0x";
				CLANG_CXX_LIBRARY = "libc++";
				CLANG_ENABLE_MODULES = YES;
				CLANG_ENABLE_OBJC_ARC = YES;
				CLANG_WARN_BOOL_CONVERSION = YES;
				CLANG_WARN_CONSTANT_CONVERSION = YES;
				CLANG_WARN_DIRECT_OBJC_ISA_USAGE = YES_ERROR;
				CLANG_WARN_DOCUMENTATION_COMMENTS = YES;
				CLANG_WARN_EMPTY_BODY = YES;
				CLANG_WARN_ENUM_CONVERSION = YES;
				CLANG_WARN_INFINITE_RECURSION = YES;
				CLANG_WARN_INT_CONVERSION = YES;
				CLANG_WARN_OBJC_ROOT_CLASS = YES_ERROR;
				CLANG_WARN_SUSPICIOUS_MOVE = YES;
				CLANG_WARN_UNREACHABLE_CODE = YES;
				CLANG_WARN__DUPLICATE_METHOD_MATCH = YES;
				"CODE_SIGN_IDENTITY[sdk=iphoneos*]" = "iPhone Developer";
				COPY_PHASE_STRIP = NO;
				DEBUG_INFORMATION_FORMAT = dwarf;
				ENABLE_STRICT_OBJC_MSGSEND = YES;
				ENABLE_TESTABILITY = YES;
				GCC_C_LANGUAGE_STANDARD = gnu99;
				GCC_DYNAMIC_NO_PIC = NO;
				GCC_NO_COMMON_BLOCKS = YES;
				GCC_OPTIMIZATION_LEVEL = 0;
				GCC_PREPROCESSOR_DEFINITIONS = (
					"DEBUG=1",
					"$(inherited)",
				);
				GCC_WARN_64_TO_32_BIT_CONVERSION = YES;
				GCC_WARN_ABOUT_RETURN_TYPE = YES_ERROR;
				GCC_WARN_UNDECLARED_SELECTOR = YES;
				GCC_WARN_UNINITIALIZED_AUTOS = YES_AGGRESSIVE;
				GCC_WARN_UNUSED_FUNCTION = YES;
				GCC_WARN_UNUSED_VARIABLE = YES;
				IPHONEOS_DEPLOYMENT_TARGET = 10.3;
				MTL_ENABLE_DEBUG_INFO = YES;
				ONLY_ACTIVE_ARCH = YES;
				SDKROOT = iphoneos;
				SWIFT_ACTIVE_COMPILATION_CONDITIONS = DEBUG;
				SWIFT_OPTIMIZATION_LEVEL = "-Onone";
				TARGETED_DEVICE_FAMILY = "1,2";
			};
			name = Debug;
		};
		75D2873C1F1B4D1C001796D3 /* Release */ = {
			isa = XCBuildConfiguration;
			buildSettings = {
				ALWAYS_SEARCH_USER_PATHS = NO;
				CLANG_ANALYZER_NONNULL = YES;
				CLANG_ANALYZER_NUMBER_OBJECT_CONVERSION = YES_AGGRESSIVE;
				CLANG_CXX_LANGUAGE_STANDARD = "gnu++0x";
				CLANG_CXX_LIBRARY = "libc++";
				CLANG_ENABLE_MODULES = YES;
				CLANG_ENABLE_OBJC_ARC = YES;
				CLANG_WARN_BOOL_CONVERSION = YES;
				CLANG_WARN_CONSTANT_CONVERSION = YES;
				CLANG_WARN_DIRECT_OBJC_ISA_USAGE = YES_ERROR;
				CLANG_WARN_DOCUMENTATION_COMMENTS = YES;
				CLANG_WARN_EMPTY_BODY = YES;
				CLANG_WARN_ENUM_CONVERSION = YES;
				CLANG_WARN_INFINITE_RECURSION = YES;
				CLANG_WARN_INT_CONVERSION = YES;
				CLANG_WARN_OBJC_ROOT_CLASS = YES_ERROR;
				CLANG_WARN_SUSPICIOUS_MOVE = YES;
				CLANG_WARN_UNREACHABLE_CODE = YES;
				CLANG_WARN__DUPLICATE_METHOD_MATCH = YES;
				"CODE_SIGN_IDENTITY[sdk=iphoneos*]" = "iPhone Developer";
				COPY_PHASE_STRIP = NO;
				DEBUG_INFORMATION_FORMAT = "dwarf-with-dsym";
				ENABLE_NS_ASSERTIONS = NO;
				ENABLE_STRICT_OBJC_MSGSEND = YES;
				GCC_C_LANGUAGE_STANDARD = gnu99;
				GCC_NO_COMMON_BLOCKS = YES;
				GCC_WARN_64_TO_32_BIT_CONVERSION = YES;
				GCC_WARN_ABOUT_RETURN_TYPE = YES_ERROR;
				GCC_WARN_UNDECLARED_SELECTOR = YES;
				GCC_WARN_UNINITIALIZED_AUTOS = YES_AGGRESSIVE;
				GCC_WARN_UNUSED_FUNCTION = YES;
				GCC_WARN_UNUSED_VARIABLE = YES;
				IPHONEOS_DEPLOYMENT_TARGET = 10.3;
				MTL_ENABLE_DEBUG_INFO = NO;
				SDKROOT = iphoneos;
				SWIFT_OPTIMIZATION_LEVEL = "-Owholemodule";
				TARGETED_DEVICE_FAMILY = "1,2";
				VALIDATE_PRODUCT = YES;
			};
			name = Release;
		};
		75D2873E1F1B4D1C001796D3 /* Debug */ = {
			isa = XCBuildConfiguration;
			buildSettings = {
				ASSETCATALOG_COMPILER_APPICON_NAME = AppIcon;
				DEVELOPMENT_TEAM = AJ4LU8WZ2B;
				INFOPLIST_FILE = PartyRockApp/Info.plist;
				LD_RUNPATH_SEARCH_PATHS = "$(inherited) @executable_path/Frameworks";
				PRODUCT_BUNDLE_IDENTIFIER = com.hummatli.PartyRockApp;
				PRODUCT_NAME = "$(TARGET_NAME)";
				SWIFT_VERSION = 3.0;
			};
			name = Debug;
		};
		75D2873F1F1B4D1C001796D3 /* Release */ = {
			isa = XCBuildConfiguration;
			buildSettings = {
				ASSETCATALOG_COMPILER_APPICON_NAME = AppIcon;
				DEVELOPMENT_TEAM = AJ4LU8WZ2B;
				INFOPLIST_FILE = PartyRockApp/Info.plist;
				LD_RUNPATH_SEARCH_PATHS = "$(inherited) @executable_path/Frameworks";
				PRODUCT_BUNDLE_IDENTIFIER = com.hummatli.PartyRockApp;
				PRODUCT_NAME = "$(TARGET_NAME)";
				SWIFT_VERSION = 3.0;
			};
			name = Release;
		};
/* End XCBuildConfiguration section */

/* Begin XCConfigurationList section */
		75D287261F1B4D1C001796D3 /* Build configuration list for PBXProject "PartyRockApp" */ = {
			isa = XCConfigurationList;
			buildConfigurations = (
				75D2873B1F1B4D1C001796D3 /* Debug */,
				75D2873C1F1B4D1C001796D3 /* Release */,
			);
			defaultConfigurationIsVisible = 0;
			defaultConfigurationName = Release;
		};
		75D2873D1F1B4D1C001796D3 /* Build configuration list for PBXNativeTarget "PartyRockApp" */ = {
			isa = XCConfigurationList;
			buildConfigurations = (
				75D2873E1F1B4D1C001796D3 /* Debug */,
				75D2873F1F1B4D1C001796D3 /* Release */,
			);
			defaultConfigurationIsVisible = 0;
		};
/* End XCConfigurationList section */
	};
	rootObject = 75D287231F1B4D1C001796D3 /* Project object */;
}
